
Microsoft Visual Studio Solution File, Format Version 12.00
# Visual Studio Version 17
VisualStudioVersion = 17.0.31903.59
MinimumVisualStudioVersion = 10.0.40219.1
Project("{FAE04EC0-301F-11D3-BF4B-00C04F79EFBC}") = "task10", "task10\task10.csproj", "{DFC19E0B-E4AA-4985-9F91-9D962483B89E}"
EndProject
Project("{FAE04EC0-301F-11D3-BF4B-00C04F79EFBC}") = "task10tests", "task10tests\task10tests.csproj", "{1A357010-B7F2-4390-91CB-2989EC2433BD}"
EndProject
Project("{FAE04EC0-301F-11D3-BF4B-00C04F79EFBC}") = "TestPlugin", "TestPlugin\TestPlugin.csproj", "{55F0AEAC-B411-4FAB-8A6F-A25437FE67B0}"
EndProject
Global
	GlobalSection(SolutionConfigurationPlatforms) = preSolution
		Debug|Any CPU = Debug|Any CPU
		Release|Any CPU = Release|Any CPU
	EndGlobalSection
	GlobalSection(SolutionProperties) = preSolution
		HideSolutionNode = FALSE
	EndGlobalSection
	GlobalSection(ProjectConfigurationPlatforms) = postSolution
		{DFC19E0B-E4AA-4985-9F91-9D962483B89E}.Debug|Any CPU.ActiveCfg = Debug|Any CPU
		{DFC19E0B-E4AA-4985-9F91-9D962483B89E}.Debug|Any CPU.Build.0 = Debug|Any CPU
		{DFC19E0B-E4AA-4985-9F91-9D962483B89E}.Release|Any CPU.ActiveCfg = Release|Any CPU
		{DFC19E0B-E4AA-4985-9F91-9D962483B89E}.Release|Any CPU.Build.0 = Release|Any CPU
		{1A357010-B7F2-4390-91CB-2989EC2433BD}.Debug|Any CPU.ActiveCfg = Debug|Any CPU
		{1A357010-B7F2-4390-91CB-2989EC2433BD}.Debug|Any CPU.Build.0 = Debug|Any CPU
		{1A357010-B7F2-4390-91CB-2989EC2433BD}.Release|Any CPU.ActiveCfg = Release|Any CPU
		{1A357010-B7F2-4390-91CB-2989EC2433BD}.Release|Any CPU.Build.0 = Release|Any CPU
		{55F0AEAC-B411-4FAB-8A6F-A25437FE67B0}.Debug|Any CPU.ActiveCfg = Debug|Any CPU
		{55F0AEAC-B411-4FAB-8A6F-A25437FE67B0}.Debug|Any CPU.Build.0 = Debug|Any CPU
		{55F0AEAC-B411-4FAB-8A6F-A25437FE67B0}.Release|Any CPU.ActiveCfg = Release|Any CPU
		{55F0AEAC-B411-4FAB-8A6F-A25437FE67B0}.Release|Any CPU.Build.0 = Release|Any CPU
	EndGlobalSection
EndGlobal
