
Microsoft Visual Studio Solution File, Format Version 12.00
# Visual Studio Version 17
VisualStudioVersion = 17.0.31903.59
MinimumVisualStudioVersion = 10.0.40219.1
Project("{FAE04EC0-301F-11D3-BF4B-00C04F79EFBC}") = "task14tests", "task14tests\task14tests.csproj", "{2098D259-375E-4F0F-BA55-0693B597A326}"
EndProject
Project("{FAE04EC0-301F-11D3-BF4B-00C04F79EFBC}") = "task14", "task14\task14.csproj", "{689481AE-906A-46EE-BF28-286820490897}"
EndProject
Project("{FAE04EC0-301F-11D3-BF4B-00C04F79EFBC}") = "task15", "task15\task15.csproj", "{79894F1D-61FF-455F-87DE-C692EC3C4287}"
EndProject
Global
	GlobalSection(SolutionConfigurationPlatforms) = preSolution
		Debug|Any CPU = Debug|Any CPU
		Release|Any CPU = Release|Any CPU
	EndGlobalSection
	GlobalSection(SolutionProperties) = preSolution
		HideSolutionNode = FALSE
	EndGlobalSection
	GlobalSection(ProjectConfigurationPlatforms) = postSolution
		{2098D259-375E-4F0F-BA55-0693B597A326}.Debug|Any CPU.ActiveCfg = Debug|Any CPU
		{2098D259-375E-4F0F-BA55-0693B597A326}.Debug|Any CPU.Build.0 = Debug|Any CPU
		{2098D259-375E-4F0F-BA55-0693B597A326}.Release|Any CPU.ActiveCfg = Release|Any CPU
		{2098D259-375E-4F0F-BA55-0693B597A326}.Release|Any CPU.Build.0 = Release|Any CPU
		{689481AE-906A-46EE-BF28-286820490897}.Debug|Any CPU.ActiveCfg = Debug|Any CPU
		{689481AE-906A-46EE-BF28-286820490897}.Debug|Any CPU.Build.0 = Debug|Any CPU
		{689481AE-906A-46EE-BF28-286820490897}.Release|Any CPU.ActiveCfg = Release|Any CPU
		{689481AE-906A-46EE-BF28-286820490897}.Release|Any CPU.Build.0 = Release|Any CPU
		{79894F1D-61FF-455F-87DE-C692EC3C4287}.Debug|Any CPU.ActiveCfg = Debug|Any CPU
		{79894F1D-61FF-455F-87DE-C692EC3C4287}.Debug|Any CPU.Build.0 = Debug|Any CPU
		{79894F1D-61FF-455F-87DE-C692EC3C4287}.Release|Any CPU.ActiveCfg = Release|Any CPU
		{79894F1D-61FF-455F-87DE-C692EC3C4287}.Release|Any CPU.Build.0 = Release|Any CPU
	EndGlobalSection
EndGlobal
